{
  "version": 4,
  "terraform_version": "1.7.5",
  "serial": 7,
  "lineage": "2ff3f097-83bb-12c2-e4f6-cbbed87dbfe8",
  "outputs": {},
  "resources": [
    {
      "module": "module.Mymodule",
      "mode": "managed",
      "type": "azurerm_network_interface",
      "name": "example",
      "provider": "module.Mymodule.provider[\"registry.terraform.io/hashicorp/azurerm\"]",
      "instances": [
        {
          "schema_version": 0,
          "attributes": {
            "applied_dns_servers": [],
            "auxiliary_mode": "",
            "auxiliary_sku": "",
            "dns_servers": [],
            "edge_zone": "",
            "enable_accelerated_networking": false,
            "enable_ip_forwarding": false,
            "id": "/subscriptions/1bb88024-3ab4-4e44-b064-71e7d8e25281/resourceGroups/moduel_ex-rgp/providers/Microsoft.Network/networkInterfaces/moduel_ex-nic",
            "internal_dns_name_label": "",
            "internal_domain_name_suffix": "ai5e34gz4oxudnyn0fjj55re0c.rx.internal.cloudapp.net",
            "ip_configuration": [
              {
                "gateway_load_balancer_frontend_ip_configuration_id": "",
                "name": "internal",
                "primary": true,
                "private_ip_address": "10.0.2.4",
                "private_ip_address_allocation": "Dynamic",
                "private_ip_address_version": "IPv4",
                "public_ip_address_id": "/subscriptions/1bb88024-3ab4-4e44-b064-71e7d8e25281/resourceGroups/moduel_ex-rgp/providers/Microsoft.Network/publicIPAddresses/test-pip",
                "subnet_id": "/subscriptions/1bb88024-3ab4-4e44-b064-71e7d8e25281/resourceGroups/moduel_ex-rgp/providers/Microsoft.Network/virtualNetworks/moduel_ex-network/subnets/internal"
              }
            ],
            "location": "centralindia",
            "mac_address": "",
            "name": "moduel_ex-nic",
            "private_ip_address": "10.0.2.4",
            "private_ip_addresses": [
              "10.0.2.4"
            ],
            "resource_group_name": "moduel_ex-rgp",
            "tags": null,
            "timeouts": null,
            "virtual_machine_id": ""
          },
          "sensitive_attributes": [],
          "private": "eyJlMmJmYjczMC1lY2FhLTExZTYtOGY4OC0zNDM2M2JjN2M0YzAiOnsiY3JlYXRlIjoxODAwMDAwMDAwMDAwLCJkZWxldGUiOjE4MDAwMDAwMDAwMDAsInJlYWQiOjMwMDAwMDAwMDAwMCwidXBkYXRlIjoxODAwMDAwMDAwMDAwfX0=",
          "dependencies": [
            "module.Mymodule.azurerm_public_ip.example",
            "module.Mymodule.azurerm_resource_group.example",
            "module.Mymodule.azurerm_subnet.example",
            "module.Mymodule.azurerm_virtual_network.example"
          ]
        }
      ]
    },
    {
      "module": "module.Mymodule",
      "mode": "managed",
      "type": "azurerm_public_ip",
      "name": "example",
      "provider": "module.Mymodule.provider[\"registry.terraform.io/hashicorp/azurerm\"]",
      "instances": [
        {
          "schema_version": 0,
          "attributes": {
            "allocation_method": "Dynamic",
            "ddos_protection_mode": "VirtualNetworkInherited",
            "ddos_protection_plan_id": null,
            "domain_name_label": null,
            "edge_zone": "",
            "fqdn": null,
            "id": "/subscriptions/1bb88024-3ab4-4e44-b064-71e7d8e25281/resourceGroups/moduel_ex-rgp/providers/Microsoft.Network/publicIPAddresses/test-pip",
            "idle_timeout_in_minutes": 30,
            "ip_address": "",
            "ip_tags": null,
            "ip_version": "IPv4",
            "location": "centralindia",
            "name": "test-pip",
            "public_ip_prefix_id": null,
            "resource_group_name": "moduel_ex-rgp",
            "reverse_fqdn": null,
            "sku": "Basic",
            "sku_tier": "Regional",
            "tags": {
              "environment": "test"
            },
            "timeouts": null,
            "zones": null
          },
          "sensitive_attributes": [],
          "private": "eyJlMmJmYjczMC1lY2FhLTExZTYtOGY4OC0zNDM2M2JjN2M0YzAiOnsiY3JlYXRlIjoxODAwMDAwMDAwMDAwLCJkZWxldGUiOjE4MDAwMDAwMDAwMDAsInJlYWQiOjMwMDAwMDAwMDAwMCwidXBkYXRlIjoxODAwMDAwMDAwMDAwfX0=",
          "dependencies": [
            "module.Mymodule.azurerm_resource_group.example"
          ]
        }
      ]
    },
    {
      "module": "module.Mymodule",
      "mode": "managed",
      "type": "azurerm_resource_group",
      "name": "example",
      "provider": "module.Mymodule.provider[\"registry.terraform.io/hashicorp/azurerm\"]",
      "instances": [
        {
          "schema_version": 0,
          "attributes": {
            "id": "/subscriptions/1bb88024-3ab4-4e44-b064-71e7d8e25281/resourceGroups/moduel_ex-rgp",
            "location": "centralindia",
            "managed_by": "",
            "name": "moduel_ex-rgp",
            "tags": null,
            "timeouts": null
          },
          "sensitive_attributes": [],
          "private": "eyJlMmJmYjczMC1lY2FhLTExZTYtOGY4OC0zNDM2M2JjN2M0YzAiOnsiY3JlYXRlIjo1NDAwMDAwMDAwMDAwLCJkZWxldGUiOjU0MDAwMDAwMDAwMDAsInJlYWQiOjMwMDAwMDAwMDAwMCwidXBkYXRlIjo1NDAwMDAwMDAwMDAwfX0="
        }
      ]
    },
    {
      "module": "module.Mymodule",
      "mode": "managed",
      "type": "azurerm_subnet",
      "name": "example",
      "provider": "module.Mymodule.provider[\"registry.terraform.io/hashicorp/azurerm\"]",
      "instances": [
        {
          "schema_version": 0,
          "attributes": {
            "address_prefixes": [
              "10.0.2.0/24"
            ],
            "delegation": [],
            "enforce_private_link_endpoint_network_policies": false,
            "enforce_private_link_service_network_policies": false,
            "id": "/subscriptions/1bb88024-3ab4-4e44-b064-71e7d8e25281/resourceGroups/moduel_ex-rgp/providers/Microsoft.Network/virtualNetworks/moduel_ex-network/subnets/internal",
            "name": "internal",
            "private_endpoint_network_policies_enabled": true,
            "private_link_service_network_policies_enabled": true,
            "resource_group_name": "moduel_ex-rgp",
            "service_endpoint_policy_ids": null,
            "service_endpoints": null,
            "timeouts": null,
            "virtual_network_name": "moduel_ex-network"
          },
          "sensitive_attributes": [],
          "private": "eyJlMmJmYjczMC1lY2FhLTExZTYtOGY4OC0zNDM2M2JjN2M0YzAiOnsiY3JlYXRlIjoxODAwMDAwMDAwMDAwLCJkZWxldGUiOjE4MDAwMDAwMDAwMDAsInJlYWQiOjMwMDAwMDAwMDAwMCwidXBkYXRlIjoxODAwMDAwMDAwMDAwfX0=",
          "dependencies": [
            "module.Mymodule.azurerm_resource_group.example",
            "module.Mymodule.azurerm_virtual_network.example"
          ]
        }
      ]
    },
    {
      "module": "module.Mymodule",
      "mode": "managed",
      "type": "azurerm_virtual_network",
      "name": "example",
      "provider": "module.Mymodule.provider[\"registry.terraform.io/hashicorp/azurerm\"]",
      "instances": [
        {
          "schema_version": 0,
          "attributes": {
            "address_space": [
              "10.0.0.0/16"
            ],
            "bgp_community": "",
            "ddos_protection_plan": [],
            "dns_servers": [],
            "edge_zone": "",
            "encryption": [],
            "flow_timeout_in_minutes": 0,
            "guid": "f84e3e02-f3d9-41af-b70d-d1529ffe24d2",
            "id": "/subscriptions/1bb88024-3ab4-4e44-b064-71e7d8e25281/resourceGroups/moduel_ex-rgp/providers/Microsoft.Network/virtualNetworks/moduel_ex-network",
            "location": "centralindia",
            "name": "moduel_ex-network",
            "resource_group_name": "moduel_ex-rgp",
            "subnet": [],
            "tags": null,
            "timeouts": null
          },
          "sensitive_attributes": [],
          "private": "eyJlMmJmYjczMC1lY2FhLTExZTYtOGY4OC0zNDM2M2JjN2M0YzAiOnsiY3JlYXRlIjoxODAwMDAwMDAwMDAwLCJkZWxldGUiOjE4MDAwMDAwMDAwMDAsInJlYWQiOjMwMDAwMDAwMDAwMCwidXBkYXRlIjoxODAwMDAwMDAwMDAwfX0=",
          "dependencies": [
            "module.Mymodule.azurerm_resource_group.example"
          ]
        }
      ]
    }
  ],
  "check_results": null
}
